
Microsoft Visual Studio Solution File, Format Version 12.00
Project("{FAE04EC0-301F-11D3-BF4B-00C04F79EFBC}") = "Task_1", "Task_1\Task_1.csproj", "{101C55EB-9ACE-47FD-9B20-596B223514CC}"
EndProject
Global
	GlobalSection(SolutionConfigurationPlatforms) = preSolution
		Debug|Any CPU = Debug|Any CPU
		Release|Any CPU = Release|Any CPU
	EndGlobalSection
	GlobalSection(ProjectConfigurationPlatforms) = postSolution
		{101C55EB-9ACE-47FD-9B20-596B223514CC}.Debug|Any CPU.ActiveCfg = Debug|Any CPU
		{101C55EB-9ACE-47FD-9B20-596B223514CC}.Debug|Any CPU.Build.0 = Debug|Any CPU
		{101C55EB-9ACE-47FD-9B20-596B223514CC}.Release|Any CPU.ActiveCfg = Release|Any CPU
		{101C55EB-9ACE-47FD-9B20-596B223514CC}.Release|Any CPU.Build.0 = Release|Any CPU
	EndGlobalSection
EndGlobal
